
Microsoft Visual Studio Solution File, Format Version 12.00
# Visual Studio Version 16
VisualStudioVersion = 16.0.29609.76
MinimumVisualStudioVersion = 10.0.40219.1
Project("{9A19103F-16F7-4668-BE54-9A1E7A4F7556}") = "Orbs", "Orbs.csproj", "{820FF175-1881-465C-B8FE-075D1E3AB04C}"
EndProject
Global
	GlobalSection(SolutionConfigurationPlatforms) = preSolution
		Debug|Any CPU = Debug|Any CPU
		Release|Any CPU = Release|Any CPU
	EndGlobalSection
	GlobalSection(ProjectConfigurationPlatforms) = postSolution
		{820FF175-1881-465C-B8FE-075D1E3AB04C}.Debug|Any CPU.ActiveCfg = Debug|Any CPU
		{820FF175-1881-465C-B8FE-075D1E3AB04C}.Debug|Any CPU.Build.0 = Debug|Any CPU
		{820FF175-1881-465C-B8FE-075D1E3AB04C}.Release|Any CPU.ActiveCfg = Release|Any CPU
		{820FF175-1881-465C-B8FE-075D1E3AB04C}.Release|Any CPU.Build.0 = Release|Any CPU
	EndGlobalSection
	GlobalSection(SolutionProperties) = preSolution
		HideSolutionNode = FALSE
	EndGlobalSection
	GlobalSection(ExtensibilityGlobals) = postSolution
		SolutionGuid = {11982285-4DF6-400E-A015-78F84F479D25}
	EndGlobalSection
EndGlobal
